// !$*UTF8*$!
{
	archiveVersion = 1;
	classes = {
	};
	objectVersion = 71;
	objects = {

/* Begin PBXBuildFile section */
		04149385F017116FF284764B /* WHVCallDirectory.appex in Embed App Extensions */ = {isa = PBXBuildFile; fileRef = 23529C300BCCE0C1ECB82FC9 /* WHVCallDirectory.appex */; settings = {ATTRIBUTES = (RemoveHeadersOnCopy, ); }; };
		051615395EE37DE4F10647E3 /* ETVActivity.swift in Sources */ = {isa = PBXBuildFile; fileRef = FB4F94A90E9B2CC798CD19E5 /* ETVActivity.swift */; };
		13E556E1CAD031D6C62BDD8E /* Foundation.framework in Frameworks */ = {isa = PBXBuildFile; fileRef = 67F718301EE433F26BB4AB54 /* Foundation.framework */; };
		26EC3E5A7D3700F86AA9BF0D /* TripActivity.swift in Sources */ = {isa = PBXBuildFile; fileRef = 81CFB6E28C2A933E374A6890 /* TripActivity.swift */; };
		2BAF9E0B841D540EFC6FB428 /* Assets.xcassets in Resources */ = {isa = PBXBuildFile; fileRef = F2281AB820C6AF0198F87D77 /* Assets.xcassets */; };
		4480DD8BDEDC953CFD8350F5 /* WatchTicketIntent.swift in Sources */ = {isa = PBXBuildFile; fileRef = 7C8818D05393E8656EE7A21D /* WatchTicketIntent.swift */; };
		56560A031CF47D6C395C6BD5 /* WHVWatchApp.swift in Sources */ = {isa = PBXBuildFile; fileRef = 09F83EDF01FE19CE7B5420CF /* WHVWatchApp.swift */; };
		5BF3F01D04119F710AB4A2F7 /* Localizable.xcstrings in Resources */ = {isa = PBXBuildFile; fileRef = C936277BD55B26BDC8DA9729 /* Localizable.xcstrings */; };
		701565BFF08B0837EC3826CE /* ETVLiveActivity.swift in Sources */ = {isa = PBXBuildFile; fileRef = E468142B2293B74BF5E6A86A /* ETVLiveActivity.swift */; };
		7048AD8FFC3D9424C37B2260 /* ETVActivity.swift in Sources */ = {isa = PBXBuildFile; fileRef = FB4F94A90E9B2CC798CD19E5 /* ETVActivity.swift */; };
		76694E652A8B27A238AF4054 /* CallDirectoryStore.swift in Sources */ = {isa = PBXBuildFile; fileRef = 0E9C8457ADB2A5D5BD1069BC /* CallDirectoryStore.swift */; };
		76DDE5A2E1398314C7CEBA88 /* Foundation.framework in Frameworks */ = {isa = PBXBuildFile; fileRef = 43F15A7760C8B670CB4873FC /* Foundation.framework */; };
		A84395BA981CE4DBD0158AB6 /* CallDirectoryStore.swift in Sources */ = {isa = PBXBuildFile; fileRef = 0E9C8457ADB2A5D5BD1069BC /* CallDirectoryStore.swift */; };
		AA10000000000000000A0002 /* ActivitySnapshot.swift in Sources */ = {isa = PBXBuildFile; fileRef = AA10000000000000000A0001 /* ActivitySnapshot.swift */; };
		AA10000000000000000A0003 /* ActivitySnapshot.swift in Sources */ = {isa = PBXBuildFile; fileRef = AA10000000000000000A0001 /* ActivitySnapshot.swift */; };
		AA10000000000000000A0005 /* ActivityWidget.swift in Sources */ = {isa = PBXBuildFile; fileRef = AA10000000000000000A0004 /* ActivityWidget.swift */; };
		AB272D1906F68DF105F342C8 /* RunningLateIntent.swift in Sources */ = {isa = PBXBuildFile; fileRef = CDB39A43568E05D893E91175 /* RunningLateIntent.swift */; };
		BDA0C84BCAD04BD97338BB64 /* WatchHomeView.swift in Sources */ = {isa = PBXBuildFile; fileRef = 36A0802D01B95173FB0A7875 /* WatchHomeView.swift */; };
		C3AC380F5961E530B2B377B0 /* WHVWidgetBundle.swift in Sources */ = {isa = PBXBuildFile; fileRef = D75FB159679E5834C8A21905 /* WHVWidgetBundle.swift */; };
		CFB0870F3CC7862F57E25256 /* WatchBridge.swift in Sources */ = {isa = PBXBuildFile; fileRef = 8A93A59F4FC6DD0824553228 /* WatchBridge.swift */; };
		E27C4EBED7332FA9AFE15A0A /* WHVWatch.app in Embed Watch Content */ = {isa = PBXBuildFile; fileRef = 51B8FBD51EF860F63631FE43 /* WHVWatch.app */; settings = {ATTRIBUTES = (RemoveHeadersOnCopy, ); }; };
		E6EAFA6F4627ABEA0E2C3D49 /* TripActivity.swift in Sources */ = {isa = PBXBuildFile; fileRef = 81CFB6E28C2A933E374A6890 /* TripActivity.swift */; };
		EC91D6DF6027F5BBE71FE9A8 /* TripLiveActivity.swift in Sources */ = {isa = PBXBuildFile; fileRef = 0455CC1C9836E2D24F93BC0B /* TripLiveActivity.swift */; };
		EEC694A253F3FB21776A00A8 /* WHVWidgets.appex in Embed App Extensions */ = {isa = PBXBuildFile; fileRef = A65487940CEC1FDBE5D89431 /* WHVWidgets.appex */; settings = {ATTRIBUTES = (RemoveHeadersOnCopy, ); }; };
		EF55359149D4A98925FA1E85 /* Foundation.framework in Frameworks */ = {isa = PBXBuildFile; fileRef = 67F718301EE433F26BB4AB54 /* Foundation.framework */; };
		F0874A4C0BD6B1F71DD9D021 /* CallDirectoryHandler.swift in Sources */ = {isa = PBXBuildFile; fileRef = E00761E3DEED34DCF84A7D1A /* CallDirectoryHandler.swift */; };
/* End PBXBuildFile section */

/* Begin PBXContainerItemProxy section */
		23266C20FF22051A3B3B72D7 /* PBXContainerItemProxy */ = {
			isa = PBXContainerItemProxy;
			containerPortal = 2A0000010000000000000090 /* Project object */;
			proxyType = 1;
			remoteGlobalIDString = 72F45ED374BF436525F9FFF4;
			remoteInfo = WHVWidgets;
		};
		82F91692E4E8CB186C657512 /* PBXContainerItemProxy */ = {
			isa = PBXContainerItemProxy;
			containerPortal = 2A0000010000000000000090 /* Project object */;
			proxyType = 1;
			remoteGlobalIDString = 1B30E471F01E9DB377AC9837;
			remoteInfo = WHVWatch;
		};
		9F484186DF9315B7970343A6 /* PBXContainerItemProxy */ = {
			isa = PBXContainerItemProxy;
			containerPortal = 2A0000010000000000000090 /* Project object */;
			proxyType = 1;
			remoteGlobalIDString = 7DEA09723ACBE47D1105C3A1;
			remoteInfo = WHVCallDirectory;
		};
/* End PBXContainerItemProxy section */

/* Begin PBXCopyFilesBuildPhase section */
		2F6AC714476AB5BCE95EC07D /* Embed Watch Content */ = {
			isa = PBXCopyFilesBuildPhase;
			buildActionMask = 2147483647;
			dstPath = "$(CONTENTS_FOLDER_PATH)/Watch";
			dstSubfolderSpec = 16;
			files = (
				E27C4EBED7332FA9AFE15A0A /* WHVWatch.app in Embed Watch Content */,
			);
			name = "Embed Watch Content";
			runOnlyForDeploymentPostprocessing = 0;
		};
		87A26F8629B72652D76D6F08 /* Embed App Extensions */ = {
			isa = PBXCopyFilesBuildPhase;
			buildActionMask = 2147483647;
			dstPath = "";
			dstSubfolderSpec = 13;
			files = (
				EEC694A253F3FB21776A00A8 /* WHVWidgets.appex in Embed App Extensions */,
				04149385F017116FF284764B /* WHVCallDirectory.appex in Embed App Extensions */,
			);
			name = "Embed App Extensions";
			runOnlyForDeploymentPostprocessing = 0;
		};
/* End PBXCopyFilesBuildPhase section */

/* Begin PBXFileReference section */
		0455CC1C9836E2D24F93BC0B /* TripLiveActivity.swift */ = {isa = PBXFileReference; includeInIndex = 1; lastKnownFileType = sourcecode.swift; path = TripLiveActivity.swift; sourceTree = "<group>"; };
		09F83EDF01FE19CE7B5420CF /* WHVWatchApp.swift */ = {isa = PBXFileReference; includeInIndex = 1; lastKnownFileType = sourcecode.swift; path = WHVWatchApp.swift; sourceTree = "<group>"; };
		0E9C8457ADB2A5D5BD1069BC /* CallDirectoryStore.swift */ = {isa = PBXFileReference; includeInIndex = 1; lastKnownFileType = sourcecode.swift; path = CallDirectoryStore.swift; sourceTree = "<group>"; };
		1EA64FA4821C489C506029BB /* Info.plist */ = {isa = PBXFileReference; includeInIndex = 1; lastKnownFileType = text.plist.xml; path = Info.plist; sourceTree = "<group>"; };
		23529C300BCCE0C1ECB82FC9 /* WHVCallDirectory.appex */ = {isa = PBXFileReference; explicitFileType = "wrapper.app-extension"; includeInIndex = 0; path = WHVCallDirectory.appex; sourceTree = BUILT_PRODUCTS_DIR; };
		36A0802D01B95173FB0A7875 /* WatchHomeView.swift */ = {isa = PBXFileReference; includeInIndex = 1; lastKnownFileType = sourcecode.swift; path = WatchHomeView.swift; sourceTree = "<group>"; };
		43F15A7760C8B670CB4873FC /* Foundation.framework */ = {isa = PBXFileReference; lastKnownFileType = wrapper.framework; name = Foundation.framework; path = Platforms/WatchOS.platform/Developer/SDKs/WatchOS11.0.sdk/System/Library/Frameworks/Foundation.framework; sourceTree = DEVELOPER_DIR; };
		51B8FBD51EF860F63631FE43 /* WHVWatch.app */ = {isa = PBXFileReference; explicitFileType = wrapper.application; includeInIndex = 0; path = WHVWatch.app; sourceTree = BUILT_PRODUCTS_DIR; };
		67F718301EE433F26BB4AB54 /* Foundation.framework */ = {isa = PBXFileReference; lastKnownFileType = wrapper.framework; name = Foundation.framework; path = Platforms/iPhoneOS.platform/Developer/SDKs/iPhoneOS18.0.sdk/System/Library/Frameworks/Foundation.framework; sourceTree = DEVELOPER_DIR; };
		7C8818D05393E8656EE7A21D /* WatchTicketIntent.swift */ = {isa = PBXFileReference; includeInIndex = 1; lastKnownFileType = sourcecode.swift; path = WatchTicketIntent.swift; sourceTree = "<group>"; };
		81CFB6E28C2A933E374A6890 /* TripActivity.swift */ = {isa = PBXFileReference; includeInIndex = 1; lastKnownFileType = sourcecode.swift; path = TripActivity.swift; sourceTree = "<group>"; };
		859A4DE91A5BB1F60D77AE8E /* WHVCallDirectory.entitlements */ = {isa = PBXFileReference; includeInIndex = 1; lastKnownFileType = text.plist.entitlements; path = WHVCallDirectory.entitlements; sourceTree = "<group>"; };
		8725F5EC18242539FEE80331 /* Info.plist */ = {isa = PBXFileReference; includeInIndex = 1; lastKnownFileType = text.plist.xml; path = Info.plist; sourceTree = "<group>"; };
		8A93A59F4FC6DD0824553228 /* WatchBridge.swift */ = {isa = PBXFileReference; includeInIndex = 1; lastKnownFileType = sourcecode.swift; path = WatchBridge.swift; sourceTree = "<group>"; };
		A65487940CEC1FDBE5D89431 /* WHVWidgets.appex */ = {isa = PBXFileReference; explicitFileType = "wrapper.app-extension"; includeInIndex = 0; path = WHVWidgets.appex; sourceTree = BUILT_PRODUCTS_DIR; };
		AA10000000000000000A0001 /* ActivitySnapshot.swift */ = {isa = PBXFileReference; includeInIndex = 1; lastKnownFileType = sourcecode.swift; path = ActivitySnapshot.swift; sourceTree = "<group>"; };
		AA10000000000000000A0004 /* ActivityWidget.swift */ = {isa = PBXFileReference; includeInIndex = 1; lastKnownFileType = sourcecode.swift; path = ActivityWidget.swift; sourceTree = "<group>"; };
		C5E0C16C1334B51DB2CD8F6E /* WHVWidgets.entitlements */ = {isa = PBXFileReference; includeInIndex = 1; lastKnownFileType = text.plist.entitlements; path = WHVWidgets.entitlements; sourceTree = "<group>"; };
		C936277BD55B26BDC8DA9729 /* Localizable.xcstrings */ = {isa = PBXFileReference; includeInIndex = 1; lastKnownFileType = text.json.xcstrings; name = Localizable.xcstrings; path = WHV/Localizable.xcstrings; sourceTree = "<group>"; };
		CDB39A43568E05D893E91175 /* RunningLateIntent.swift */ = {isa = PBXFileReference; includeInIndex = 1; lastKnownFileType = sourcecode.swift; path = RunningLateIntent.swift; sourceTree = "<group>"; };
		D75FB159679E5834C8A21905 /* WHVWidgetBundle.swift */ = {isa = PBXFileReference; includeInIndex = 1; lastKnownFileType = sourcecode.swift; path = WHVWidgetBundle.swift; sourceTree = "<group>"; };
		E00761E3DEED34DCF84A7D1A /* CallDirectoryHandler.swift */ = {isa = PBXFileReference; includeInIndex = 1; lastKnownFileType = sourcecode.swift; path = CallDirectoryHandler.swift; sourceTree = "<group>"; };
		E468142B2293B74BF5E6A86A /* ETVLiveActivity.swift */ = {isa = PBXFileReference; includeInIndex = 1; lastKnownFileType = sourcecode.swift; path = ETVLiveActivity.swift; sourceTree = "<group>"; };
		F2281AB820C6AF0198F87D77 /* Assets.xcassets */ = {isa = PBXFileReference; includeInIndex = 1; lastKnownFileType = folder.assetcatalog; path = Assets.xcassets; sourceTree = "<group>"; };
		FB4F94A90E9B2CC798CD19E5 /* ETVActivity.swift */ = {isa = PBXFileReference; includeInIndex = 1; lastKnownFileType = sourcecode.swift; path = ETVActivity.swift; sourceTree = "<group>"; };
/* End PBXFileReference section */

/* Begin PBXFileSystemSynchronizedRootGroup section */
		2A0000010000000000000010 /* WHV */ = {isa = PBXFileSystemSynchronizedRootGroup; explicitFileTypes = {}; explicitFolders = (); path = WHV; sourceTree = "<group>"; };
/* End PBXFileSystemSynchronizedRootGroup section */

/* Begin PBXFrameworksBuildPhase section */
		2A0000010000000000000020 /* Frameworks */ = {
			isa = PBXFrameworksBuildPhase;
			buildActionMask = 2147483647;
			files = (
			);
			runOnlyForDeploymentPostprocessing = 0;
		};
		42BDE42370B583791BE45363 /* Frameworks */ = {
			isa = PBXFrameworksBuildPhase;
			buildActionMask = 2147483647;
			files = (
				13E556E1CAD031D6C62BDD8E /* Foundation.framework in Frameworks */,
			);
			runOnlyForDeploymentPostprocessing = 0;
		};
		587944B7F15B88A98549BA2E /* Frameworks */ = {
			isa = PBXFrameworksBuildPhase;
			buildActionMask = 2147483647;
			files = (
				EF55359149D4A98925FA1E85 /* Foundation.framework in Frameworks */,
			);
			runOnlyForDeploymentPostprocessing = 0;
		};
		F9065CCFA65EA6AD9082626E /* Frameworks */ = {
			isa = PBXFrameworksBuildPhase;
			buildActionMask = 2147483647;
			files = (
				76DDE5A2E1398314C7CEBA88 /* Foundation.framework in Frameworks */,
			);
			runOnlyForDeploymentPostprocessing = 0;
		};
/* End PBXFrameworksBuildPhase section */

/* Begin PBXGroup section */
		0E255BF922D567A8EAB28C5C /* Frameworks */ = {
			isa = PBXGroup;
			children = (
				E2FF9A41D0C9EFBF2223C713 /* iOS */,
				E8F29329CB066D664115732B /* watchOS */,
			);
			name = Frameworks;
			sourceTree = "<group>";
		};
		2A0000010000000000000000 = {
			isa = PBXGroup;
			children = (
				2A0000010000000000000010 /* WHV */,
				2A0000010000000000000030 /* Products */,
				C19384519A4F8842436FA03A /* WHVWidgets */,
				0E255BF922D567A8EAB28C5C /* Frameworks */,
				BAC5E43D50A5C289859D632C /* Shared */,
				7FFA0314F67630CFFA312BB1 /* WHV-Localization */,
				8F66E5D5DE70BC245E83C8E3 /* WHVCallDirectory */,
				35DA4C6EB0F1A76ECC912A31 /* WHVWatch */,
			);
			sourceTree = "<group>";
		};
		2A0000010000000000000030 /* Products */ = {
			isa = PBXGroup;
			children = (
				A65487940CEC1FDBE5D89431 /* WHVWidgets.appex */,
				23529C300BCCE0C1ECB82FC9 /* WHVCallDirectory.appex */,
				51B8FBD51EF860F63631FE43 /* WHVWatch.app */,
			);
			name = Products;
			sourceTree = "<group>";
		};
		35DA4C6EB0F1A76ECC912A31 /* WHVWatch */ = {
			isa = PBXGroup;
			children = (
				09F83EDF01FE19CE7B5420CF /* WHVWatchApp.swift */,
				8A93A59F4FC6DD0824553228 /* WatchBridge.swift */,
				36A0802D01B95173FB0A7875 /* WatchHomeView.swift */,
				7C8818D05393E8656EE7A21D /* WatchTicketIntent.swift */,
				F2281AB820C6AF0198F87D77 /* Assets.xcassets */,
			);
			path = WHVWatch;
			sourceTree = "<group>";
		};
		7FFA0314F67630CFFA312BB1 /* WHV-Localization */ = {
			isa = PBXGroup;
			children = (
				C936277BD55B26BDC8DA9729 /* Localizable.xcstrings */,
			);
			name = "WHV-Localization";
			sourceTree = "<group>";
		};
		8F66E5D5DE70BC245E83C8E3 /* WHVCallDirectory */ = {
			isa = PBXGroup;
			children = (
				E00761E3DEED34DCF84A7D1A /* CallDirectoryHandler.swift */,
				8725F5EC18242539FEE80331 /* Info.plist */,
				859A4DE91A5BB1F60D77AE8E /* WHVCallDirectory.entitlements */,
			);
			path = WHVCallDirectory;
			sourceTree = "<group>";
		};
		BAC5E43D50A5C289859D632C /* Shared */ = {
			isa = PBXGroup;
			children = (
				FB4F94A90E9B2CC798CD19E5 /* ETVActivity.swift */,
				AA10000000000000000A0001 /* ActivitySnapshot.swift */,
				0E9C8457ADB2A5D5BD1069BC /* CallDirectoryStore.swift */,
				81CFB6E28C2A933E374A6890 /* TripActivity.swift */,
			);
			path = Shared;
			sourceTree = "<group>";
		};
		C19384519A4F8842436FA03A /* WHVWidgets */ = {
			isa = PBXGroup;
			children = (
				AA10000000000000000A0004 /* ActivityWidget.swift */,
				D75FB159679E5834C8A21905 /* WHVWidgetBundle.swift */,
				1EA64FA4821C489C506029BB /* Info.plist */,
				C5E0C16C1334B51DB2CD8F6E /* WHVWidgets.entitlements */,
				E468142B2293B74BF5E6A86A /* ETVLiveActivity.swift */,
				CDB39A43568E05D893E91175 /* RunningLateIntent.swift */,
				0455CC1C9836E2D24F93BC0B /* TripLiveActivity.swift */,
			);
			path = WHVWidgets;
			sourceTree = "<group>";
		};
		E2FF9A41D0C9EFBF2223C713 /* iOS */ = {
			isa = PBXGroup;
			children = (
				67F718301EE433F26BB4AB54 /* Foundation.framework */,
			);
			name = iOS;
			sourceTree = "<group>";
		};
		E8F29329CB066D664115732B /* watchOS */ = {
			isa = PBXGroup;
			children = (
				43F15A7760C8B670CB4873FC /* Foundation.framework */,
			);
			name = watchOS;
			sourceTree = "<group>";
		};
/* End PBXGroup section */

/* Begin PBXNativeTarget section */
		1B30E471F01E9DB377AC9837 /* WHVWatch */ = {
			isa = PBXNativeTarget;
			buildConfigurationList = 6AD3110F076B50B1A3D153B3 /* Build configuration list for PBXNativeTarget "WHVWatch" */;
			buildPhases = (
				C415EF8E6354B2B5D5940733 /* Sources */,
				F9065CCFA65EA6AD9082626E /* Frameworks */,
				2475DA0C04FA538E3D68779E /* Resources */,
			);
			buildRules = (
			);
			dependencies = (
			);
			name = WHVWatch;
			productName = WHVWatch;
			productReference = 51B8FBD51EF860F63631FE43 /* WHVWatch.app */;
			productType = "com.apple.product-type.application";
		};
		2A0000010000000000000050 /* WHV */ = {
			isa = PBXNativeTarget;
			buildConfigurationList = 2A0000010000000000000080 /* Build configuration list for PBXNativeTarget "WHV" */;
			buildPhases = (
				2A0000010000000000000060 /* Sources */,
				2A0000010000000000000020 /* Frameworks */,
				2A0000010000000000000070 /* Resources */,
				87A26F8629B72652D76D6F08 /* Embed App Extensions */,
				2F6AC714476AB5BCE95EC07D /* Embed Watch Content */,
			);
			buildRules = (
			);
			dependencies = (
				DB65F19F79F73C9F708AE531 /* PBXTargetDependency */,
				8F2C58CBCD7E2A9E8B6CF24B /* PBXTargetDependency */,
				D3309287D0D1F26E72B8B2A6 /* PBXTargetDependency */,
			);
			fileSystemSynchronizedGroups = (
				2A0000010000000000000010 /* WHV */,
			);
			name = WHV;
			productName = WHV;
			productType = "com.apple.product-type.application";
		};
		72F45ED374BF436525F9FFF4 /* WHVWidgets */ = {
			isa = PBXNativeTarget;
			buildConfigurationList = 5EEFB1D74D0F406295C9C642 /* Build configuration list for PBXNativeTarget "WHVWidgets" */;
			buildPhases = (
				EB6CB990BACC886F5688C759 /* Sources */,
				42BDE42370B583791BE45363 /* Frameworks */,
				59BDE40749BDB28BFDD50524 /* Resources */,
			);
			buildRules = (
			);
			dependencies = (
			);
			name = WHVWidgets;
			productName = WHVWidgets;
			productReference = A65487940CEC1FDBE5D89431 /* WHVWidgets.appex */;
			productType = "com.apple.product-type.app-extension";
		};
		7DEA09723ACBE47D1105C3A1 /* WHVCallDirectory */ = {
			isa = PBXNativeTarget;
			buildConfigurationList = 49D6FDC26E57E8CDC0EECDDB /* Build configuration list for PBXNativeTarget "WHVCallDirectory" */;
			buildPhases = (
				81022036CFCF2227B0725F70 /* Sources */,
				587944B7F15B88A98549BA2E /* Frameworks */,
				F6F7DA6DAC26BB447FCF8EB8 /* Resources */,
			);
			buildRules = (
			);
			dependencies = (
			);
			name = WHVCallDirectory;
			productName = WHVCallDirectory;
			productReference = 23529C300BCCE0C1ECB82FC9 /* WHVCallDirectory.appex */;
			productType = "com.apple.product-type.app-extension";
		};
/* End PBXNativeTarget section */

/* Begin PBXProject section */
		2A0000010000000000000090 /* Project object */ = {
			isa = PBXProject;
			attributes = {
				BuildIndependentTargetsInParallel = 1;
				LastSwiftUpdateCheck = 1600;
				LastUpgradeCheck = 1600;
				TargetAttributes = {
					2A0000010000000000000050 = {
						CreatedOnToolsVersion = 16.0;
					};
				};
			};
			buildConfigurationList = 2A00000100000000000000A0 /* Build configuration list for PBXProject "WHV" */;
			compatibilityVersion = "Xcode 16.0";
			developmentRegion = de;
			hasScannedForEncodings = 0;
			knownRegions = (
				en,
				Base,
				de,
			);
			mainGroup = 2A0000010000000000000000;
			minimizedProjectReferenceProxies = 1;
			productRefGroup = 2A0000010000000000000030 /* Products */;
			projectDirPath = "";
			projectRoot = "";
			targets = (
				2A0000010000000000000050 /* WHV */,
				72F45ED374BF436525F9FFF4 /* WHVWidgets */,
				7DEA09723ACBE47D1105C3A1 /* WHVCallDirectory */,
				1B30E471F01E9DB377AC9837 /* WHVWatch */,
			);
		};
/* End PBXProject section */

/* Begin PBXResourcesBuildPhase section */
		2475DA0C04FA538E3D68779E /* Resources */ = {
			isa = PBXResourcesBuildPhase;
			buildActionMask = 2147483647;
			files = (
				2BAF9E0B841D540EFC6FB428 /* Assets.xcassets in Resources */,
			);
			runOnlyForDeploymentPostprocessing = 0;
		};
		2A0000010000000000000070 /* Resources */ = {
			isa = PBXResourcesBuildPhase;
			buildActionMask = 2147483647;
			files = (
			);
			runOnlyForDeploymentPostprocessing = 0;
		};
		59BDE40749BDB28BFDD50524 /* Resources */ = {
			isa = PBXResourcesBuildPhase;
			buildActionMask = 2147483647;
			files = (
				5BF3F01D04119F710AB4A2F7 /* Localizable.xcstrings in Resources */,
			);
			runOnlyForDeploymentPostprocessing = 0;
		};
		F6F7DA6DAC26BB447FCF8EB8 /* Resources */ = {
			isa = PBXResourcesBuildPhase;
			buildActionMask = 2147483647;
			files = (
			);
			runOnlyForDeploymentPostprocessing = 0;
		};
/* End PBXResourcesBuildPhase section */

/* Begin PBXSourcesBuildPhase section */
		2A0000010000000000000060 /* Sources */ = {
			isa = PBXSourcesBuildPhase;
			buildActionMask = 2147483647;
			files = (
				7048AD8FFC3D9424C37B2260 /* ETVActivity.swift in Sources */,
				AA10000000000000000A0002 /* ActivitySnapshot.swift in Sources */,
				76694E652A8B27A238AF4054 /* CallDirectoryStore.swift in Sources */,
				E6EAFA6F4627ABEA0E2C3D49 /* TripActivity.swift in Sources */,
			);
			runOnlyForDeploymentPostprocessing = 0;
		};
		81022036CFCF2227B0725F70 /* Sources */ = {
			isa = PBXSourcesBuildPhase;
			buildActionMask = 2147483647;
			files = (
				F0874A4C0BD6B1F71DD9D021 /* CallDirectoryHandler.swift in Sources */,
				A84395BA981CE4DBD0158AB6 /* CallDirectoryStore.swift in Sources */,
			);
			runOnlyForDeploymentPostprocessing = 0;
		};
		C415EF8E6354B2B5D5940733 /* Sources */ = {
			isa = PBXSourcesBuildPhase;
			buildActionMask = 2147483647;
			files = (
				56560A031CF47D6C395C6BD5 /* WHVWatchApp.swift in Sources */,
				CFB0870F3CC7862F57E25256 /* WatchBridge.swift in Sources */,
				BDA0C84BCAD04BD97338BB64 /* WatchHomeView.swift in Sources */,
				4480DD8BDEDC953CFD8350F5 /* WatchTicketIntent.swift in Sources */,
			);
			runOnlyForDeploymentPostprocessing = 0;
		};
		EB6CB990BACC886F5688C759 /* Sources */ = {
			isa = PBXSourcesBuildPhase;
			buildActionMask = 2147483647;
			files = (
				AA10000000000000000A0005 /* ActivityWidget.swift in Sources */,
				AA10000000000000000A0003 /* ActivitySnapshot.swift in Sources */,
				C3AC380F5961E530B2B377B0 /* WHVWidgetBundle.swift in Sources */,
				051615395EE37DE4F10647E3 /* ETVActivity.swift in Sources */,
				701565BFF08B0837EC3826CE /* ETVLiveActivity.swift in Sources */,
				AB272D1906F68DF105F342C8 /* RunningLateIntent.swift in Sources */,
				26EC3E5A7D3700F86AA9BF0D /* TripActivity.swift in Sources */,
				EC91D6DF6027F5BBE71FE9A8 /* TripLiveActivity.swift in Sources */,
			);
			runOnlyForDeploymentPostprocessing = 0;
		};
/* End PBXSourcesBuildPhase section */

/* Begin PBXTargetDependency section */
		8F2C58CBCD7E2A9E8B6CF24B /* PBXTargetDependency */ = {
			isa = PBXTargetDependency;
			name = WHVCallDirectory;
			target = 7DEA09723ACBE47D1105C3A1 /* WHVCallDirectory */;
			targetProxy = 9F484186DF9315B7970343A6 /* PBXContainerItemProxy */;
		};
		D3309287D0D1F26E72B8B2A6 /* PBXTargetDependency */ = {
			isa = PBXTargetDependency;
			name = WHVWatch;
			target = 1B30E471F01E9DB377AC9837 /* WHVWatch */;
			targetProxy = 82F91692E4E8CB186C657512 /* PBXContainerItemProxy */;
		};
		DB65F19F79F73C9F708AE531 /* PBXTargetDependency */ = {
			isa = PBXTargetDependency;
			name = WHVWidgets;
			target = 72F45ED374BF436525F9FFF4 /* WHVWidgets */;
			targetProxy = 23266C20FF22051A3B3B72D7 /* PBXContainerItemProxy */;
		};
/* End PBXTargetDependency section */

/* Begin XCBuildConfiguration section */
		07B7B7BA5704A85E04969830 /* Release */ = {
			isa = XCBuildConfiguration;
			buildSettings = {
				CLANG_ENABLE_OBJC_WEAK = NO;
				CODE_SIGN_ENTITLEMENTS = WHVWidgets/WHVWidgets.entitlements;
				CODE_SIGN_STYLE = Automatic;
				CURRENT_PROJECT_VERSION = 69;
				DEVELOPMENT_TEAM = K4KDX9GN74;
				GENERATE_INFOPLIST_FILE = NO;
				INFOPLIST_FILE = WHVWidgets/Info.plist;
				INFOPLIST_KEY_CFBundleDisplayName = "WHV ETV-Widget";
				IPHONEOS_DEPLOYMENT_TARGET = 17.0;
				LD_RUNPATH_SEARCH_PATHS = (
					"$(inherited)",
					"@executable_path/Frameworks",
					"@executable_path/../../Frameworks",
				);
				MARKETING_VERSION = 1.3.7;
				PRODUCT_BUNDLE_IDENTIFIER = "com.wagner-hausverwaltung.portal.WHVWidgets";
				PRODUCT_NAME = "$(TARGET_NAME)";
				SDKROOT = iphoneos;
				SKIP_INSTALL = YES;
				SWIFT_EMIT_LOC_STRINGS = YES;
				SWIFT_VERSION = 5.0;
				TARGETED_DEVICE_FAMILY = "1,2";
				VALIDATE_PRODUCT = YES;
			};
			name = Release;
		};
		20030B4E4C226BA5D1DD24FD /* Debug */ = {
			isa = XCBuildConfiguration;
			buildSettings = {
				ASSETCATALOG_COMPILER_APPICON_NAME = AppIcon;
				ASSETCATALOG_COMPILER_GLOBAL_ACCENT_COLOR_NAME = AccentColor;
				CODE_SIGN_STYLE = Automatic;
				CURRENT_PROJECT_VERSION = 69;
				DEVELOPMENT_TEAM = K4KDX9GN74;
				ENABLE_PREVIEWS = YES;
				GENERATE_INFOPLIST_FILE = YES;
				INFOPLIST_KEY_CFBundleDisplayName = WHV;
				INFOPLIST_KEY_UISupportedInterfaceOrientations = "UIInterfaceOrientationPortrait UIInterfaceOrientationPortraitUpsideDown";
				INFOPLIST_KEY_WKApplication = YES;
				INFOPLIST_KEY_WKCompanionAppBundleIdentifier = "com.wagner-hausverwaltung.portal";
				LD_RUNPATH_SEARCH_PATHS = (
					"$(inherited)",
					"@executable_path/Frameworks",
				);
				MARKETING_VERSION = 1.3.7;
				PRODUCT_BUNDLE_IDENTIFIER = "com.wagner-hausverwaltung.portal.watchkitapp";
				PRODUCT_NAME = "$(TARGET_NAME)";
				SDKROOT = watchos;
				SKIP_INSTALL = YES;
				SWIFT_EMIT_LOC_STRINGS = YES;
				SWIFT_VERSION = 5.0;
				TARGETED_DEVICE_FAMILY = 4;
				WATCHOS_DEPLOYMENT_TARGET = 10.0;
			};
			name = Debug;
		};
		2A00000100000000000000B0 /* Debug */ = {
			isa = XCBuildConfiguration;
			buildSettings = {
				ALWAYS_SEARCH_USER_PATHS = NO;
				ASSETCATALOG_COMPILER_GENERATE_SWIFT_ASSET_SYMBOL_EXTENSIONS = YES;
				CLANG_ANALYZER_NONNULL = YES;
				CLANG_ANALYZER_NUMBER_OBJECT_CONVERSION = YES_AGGRESSIVE;
				CLANG_CXX_LANGUAGE_STANDARD = "gnu++20";
				CLANG_ENABLE_MODULES = YES;
				CLANG_ENABLE_OBJC_ARC = YES;
				CLANG_ENABLE_OBJC_WEAK = YES;
				CLANG_WARN_BLOCK_CAPTURE_AUTORELEASING = YES;
				CLANG_WARN_BOOL_CONVERSION = YES;
				CLANG_WARN_COMMA = YES;
				CLANG_WARN_CONSTANT_CONVERSION = YES;
				CLANG_WARN_DEPRECATED_OBJC_IMPLEMENTATIONS = YES;
				CLANG_WARN_DIRECT_OBJC_ISA_USAGE = YES_ERROR;
				CLANG_WARN_DOCUMENTATION_COMMENTS = YES;
				CLANG_WARN_EMPTY_BODY = YES;
				CLANG_WARN_ENUM_CONVERSION = YES;
				CLANG_WARN_INFINITE_RECURSION = YES;
				CLANG_WARN_INT_CONVERSION = YES;
				CLANG_WARN_NON_LITERAL_NULL_CONVERSION = YES;
				CLANG_WARN_OBJC_IMPLICIT_RETAIN_SELF = YES;
				CLANG_WARN_OBJC_LITERAL_CONVERSION = YES;
				CLANG_WARN_OBJC_ROOT_CLASS = YES_ERROR;
				CLANG_WARN_QUOTED_INCLUDE_IN_FRAMEWORK_HEADER = YES;
				CLANG_WARN_RANGE_LOOP_ANALYSIS = YES;
				CLANG_WARN_STRICT_PROTOTYPES = YES;
				CLANG_WARN_SUSPICIOUS_MOVE = YES;
				CLANG_WARN_UNGUARDED_AVAILABILITY = YES_AGGRESSIVE;
				CLANG_WARN_UNREACHABLE_CODE = YES;
				CLANG_WARN__DUPLICATE_METHOD_MATCH = YES;
				COPY_PHASE_STRIP = NO;
				DEBUG_INFORMATION_FORMAT = dwarf;
				ENABLE_STRICT_OBJC_MSGSEND = YES;
				ENABLE_TESTABILITY = YES;
				ENABLE_USER_SCRIPT_SANDBOXING = YES;
				GCC_C_LANGUAGE_STANDARD = gnu17;
				GCC_DYNAMIC_NO_PIC = NO;
				GCC_NO_COMMON_BLOCKS = YES;
				GCC_OPTIMIZATION_LEVEL = 0;
				GCC_PREPROCESSOR_DEFINITIONS = (
					"DEBUG=1",
					"$(inherited)",
				);
				GCC_WARN_64_TO_32_BIT_CONVERSION = YES;
				GCC_WARN_ABOUT_RETURN_TYPE = YES_ERROR;
				GCC_WARN_UNDECLARED_SELECTOR = YES;
				GCC_WARN_UNINITIALIZED_AUTOS = YES_AGGRESSIVE;
				GCC_WARN_UNUSED_FUNCTION = YES;
				GCC_WARN_UNUSED_VARIABLE = YES;
				IPHONEOS_DEPLOYMENT_TARGET = 17.0;
				LOCALIZATION_PREFERS_STRING_CATALOGS = YES;
				MTL_ENABLE_DEBUG_INFO = INCLUDE_SOURCE;
				MTL_FAST_MATH = YES;
				ONLY_ACTIVE_ARCH = YES;
				SDKROOT = iphoneos;
				SWIFT_ACTIVE_COMPILATION_CONDITIONS = "DEBUG $(inherited)";
				SWIFT_OPTIMIZATION_LEVEL = "-Onone";
			};
			name = Debug;
		};
		2A00000100000000000000C0 /* Release */ = {
			isa = XCBuildConfiguration;
			buildSettings = {
				ALWAYS_SEARCH_USER_PATHS = NO;
				ASSETCATALOG_COMPILER_GENERATE_SWIFT_ASSET_SYMBOL_EXTENSIONS = YES;
				CLANG_ANALYZER_NONNULL = YES;
				CLANG_ANALYZER_NUMBER_OBJECT_CONVERSION = YES_AGGRESSIVE;
				CLANG_CXX_LANGUAGE_STANDARD = "gnu++20";
				CLANG_ENABLE_MODULES = YES;
				CLANG_ENABLE_OBJC_ARC = YES;
				CLANG_ENABLE_OBJC_WEAK = YES;
				CLANG_WARN_BLOCK_CAPTURE_AUTORELEASING = YES;
				CLANG_WARN_BOOL_CONVERSION = YES;
				CLANG_WARN_COMMA = YES;
				CLANG_WARN_CONSTANT_CONVERSION = YES;
				CLANG_WARN_DEPRECATED_OBJC_IMPLEMENTATIONS = YES;
				CLANG_WARN_DIRECT_OBJC_ISA_USAGE = YES_ERROR;
				CLANG_WARN_DOCUMENTATION_COMMENTS = YES;
				CLANG_WARN_EMPTY_BODY = YES;
				CLANG_WARN_ENUM_CONVERSION = YES;
				CLANG_WARN_INFINITE_RECURSION = YES;
				CLANG_WARN_INT_CONVERSION = YES;
				CLANG_WARN_NON_LITERAL_NULL_CONVERSION = YES;
				CLANG_WARN_OBJC_IMPLICIT_RETAIN_SELF = YES;
				CLANG_WARN_OBJC_LITERAL_CONVERSION = YES;
				CLANG_WARN_OBJC_ROOT_CLASS = YES_ERROR;
				CLANG_WARN_QUOTED_INCLUDE_IN_FRAMEWORK_HEADER = YES;
				CLANG_WARN_RANGE_LOOP_ANALYSIS = YES;
				CLANG_WARN_STRICT_PROTOTYPES = YES;
				CLANG_WARN_SUSPICIOUS_MOVE = YES;
				CLANG_WARN_UNGUARDED_AVAILABILITY = YES_AGGRESSIVE;
				CLANG_WARN_UNREACHABLE_CODE = YES;
				CLANG_WARN__DUPLICATE_METHOD_MATCH = YES;
				COPY_PHASE_STRIP = NO;
				DEBUG_INFORMATION_FORMAT = "dwarf-with-dsym";
				ENABLE_NS_ASSERTIONS = NO;
				ENABLE_STRICT_OBJC_MSGSEND = YES;
				ENABLE_USER_SCRIPT_SANDBOXING = YES;
				GCC_C_LANGUAGE_STANDARD = gnu17;
				GCC_NO_COMMON_BLOCKS = YES;
				GCC_WARN_64_TO_32_BIT_CONVERSION = YES;
				GCC_WARN_ABOUT_RETURN_TYPE = YES_ERROR;
				GCC_WARN_UNDECLARED_SELECTOR = YES;
				GCC_WARN_UNINITIALIZED_AUTOS = YES_AGGRESSIVE;
				GCC_WARN_UNUSED_FUNCTION = YES;
				GCC_WARN_UNUSED_VARIABLE = YES;
				IPHONEOS_DEPLOYMENT_TARGET = 17.0;
				LOCALIZATION_PREFERS_STRING_CATALOGS = YES;
				MTL_ENABLE_DEBUG_INFO = NO;
				MTL_FAST_MATH = YES;
				SDKROOT = iphoneos;
				SWIFT_COMPILATION_MODE = wholemodule;
			};
			name = Release;
		};
		2A00000100000000000000D0 /* Debug */ = {
			isa = XCBuildConfiguration;
			buildSettings = {
				ASSETCATALOG_COMPILER_APPICON_NAME = AppIcon;
				ASSETCATALOG_COMPILER_GLOBAL_ACCENT_COLOR_NAME = AccentColor;
				CODE_SIGN_ENTITLEMENTS = WHV/WHV.entitlements;
				CODE_SIGN_STYLE = Automatic;
				CURRENT_PROJECT_VERSION = 69;
				DEVELOPMENT_ASSET_PATHS = "\"WHV/Preview Content\"";
				DEVELOPMENT_TEAM = K4KDX9GN74;
				ENABLE_PREVIEWS = YES;
				GENERATE_INFOPLIST_FILE = NO;
				INFOPLIST_FILE = "WHV-Info.plist";
				LD_RUNPATH_SEARCH_PATHS = (
					"$(inherited)",
					"@executable_path/Frameworks",
				);
				MARKETING_VERSION = 1.3.7;
				PRODUCT_BUNDLE_IDENTIFIER = "com.wagner-hausverwaltung.portal";
				PRODUCT_NAME = "$(TARGET_NAME)";
				SUPPORTS_MACCATALYST = NO;
				SUPPORTS_MAC_DESIGNED_FOR_IPHONE_IPAD = YES;
				SWIFT_EMIT_LOC_STRINGS = YES;
				SWIFT_VERSION = 5.0;
				TARGETED_DEVICE_FAMILY = "1,2";
			};
			name = Debug;
		};
		2A00000100000000000000E0 /* Release */ = {
			isa = XCBuildConfiguration;
			buildSettings = {
				ASSETCATALOG_COMPILER_APPICON_NAME = AppIcon;
				ASSETCATALOG_COMPILER_GLOBAL_ACCENT_COLOR_NAME = AccentColor;
				CODE_SIGN_ENTITLEMENTS = WHV/WHV.entitlements;
				CODE_SIGN_STYLE = Automatic;
				CURRENT_PROJECT_VERSION = 69;
				DEVELOPMENT_ASSET_PATHS = "\"WHV/Preview Content\"";
				DEVELOPMENT_TEAM = K4KDX9GN74;
				ENABLE_PREVIEWS = YES;
				GENERATE_INFOPLIST_FILE = NO;
				INFOPLIST_FILE = "WHV-Info.plist";
				LD_RUNPATH_SEARCH_PATHS = (
					"$(inherited)",
					"@executable_path/Frameworks",
				);
				MARKETING_VERSION = 1.3.7;
				PRODUCT_BUNDLE_IDENTIFIER = "com.wagner-hausverwaltung.portal";
				PRODUCT_NAME = "$(TARGET_NAME)";
				SUPPORTS_MACCATALYST = NO;
				SUPPORTS_MAC_DESIGNED_FOR_IPHONE_IPAD = YES;
				SWIFT_EMIT_LOC_STRINGS = YES;
				SWIFT_VERSION = 5.0;
				TARGETED_DEVICE_FAMILY = "1,2";
			};
			name = Release;
		};
		386ECB7FD276546E3A398627 /* Release */ = {
			isa = XCBuildConfiguration;
			buildSettings = {
				ASSETCATALOG_COMPILER_APPICON_NAME = AppIcon;
				ASSETCATALOG_COMPILER_GLOBAL_ACCENT_COLOR_NAME = AccentColor;
				CODE_SIGN_STYLE = Automatic;
				CURRENT_PROJECT_VERSION = 69;
				DEVELOPMENT_TEAM = K4KDX9GN74;
				ENABLE_PREVIEWS = YES;
				GENERATE_INFOPLIST_FILE = YES;
				INFOPLIST_KEY_CFBundleDisplayName = WHV;
				INFOPLIST_KEY_UISupportedInterfaceOrientations = "UIInterfaceOrientationPortrait UIInterfaceOrientationPortraitUpsideDown";
				INFOPLIST_KEY_WKApplication = YES;
				INFOPLIST_KEY_WKCompanionAppBundleIdentifier = "com.wagner-hausverwaltung.portal";
				LD_RUNPATH_SEARCH_PATHS = (
					"$(inherited)",
					"@executable_path/Frameworks",
				);
				MARKETING_VERSION = 1.3.7;
				PRODUCT_BUNDLE_IDENTIFIER = "com.wagner-hausverwaltung.portal.watchkitapp";
				PRODUCT_NAME = "$(TARGET_NAME)";
				SDKROOT = watchos;
				SKIP_INSTALL = YES;
				SWIFT_EMIT_LOC_STRINGS = YES;
				SWIFT_VERSION = 5.0;
				TARGETED_DEVICE_FAMILY = 4;
				VALIDATE_PRODUCT = YES;
				WATCHOS_DEPLOYMENT_TARGET = 10.0;
			};
			name = Release;
		};
		64426FB8832885188E10E296 /* Release */ = {
			isa = XCBuildConfiguration;
			buildSettings = {
				CLANG_ENABLE_OBJC_WEAK = NO;
				CODE_SIGN_ENTITLEMENTS = WHVCallDirectory/WHVCallDirectory.entitlements;
				CODE_SIGN_STYLE = Automatic;
				CURRENT_PROJECT_VERSION = 69;
				DEVELOPMENT_TEAM = K4KDX9GN74;
				GENERATE_INFOPLIST_FILE = NO;
				INFOPLIST_FILE = WHVCallDirectory/Info.plist;
				IPHONEOS_DEPLOYMENT_TARGET = 17.0;
				LD_RUNPATH_SEARCH_PATHS = (
					"$(inherited)",
					"@executable_path/Frameworks",
					"@executable_path/../../Frameworks",
				);
				MARKETING_VERSION = 1.3.7;
				PRODUCT_BUNDLE_IDENTIFIER = "com.wagner-hausverwaltung.portal.calldirectory";
				PRODUCT_NAME = "$(TARGET_NAME)";
				SDKROOT = iphoneos;
				SKIP_INSTALL = YES;
				SWIFT_VERSION = 5.0;
				TARGETED_DEVICE_FAMILY = "1,2";
				VALIDATE_PRODUCT = YES;
			};
			name = Release;
		};
		E381BC8B647AF41680B94731 /* Debug */ = {
			isa = XCBuildConfiguration;
			buildSettings = {
				CLANG_ENABLE_OBJC_WEAK = NO;
				CODE_SIGN_ENTITLEMENTS = WHVCallDirectory/WHVCallDirectory.entitlements;
				CODE_SIGN_STYLE = Automatic;
				CURRENT_PROJECT_VERSION = 69;
				DEVELOPMENT_TEAM = K4KDX9GN74;
				GENERATE_INFOPLIST_FILE = NO;
				INFOPLIST_FILE = WHVCallDirectory/Info.plist;
				IPHONEOS_DEPLOYMENT_TARGET = 17.0;
				LD_RUNPATH_SEARCH_PATHS = (
					"$(inherited)",
					"@executable_path/Frameworks",
					"@executable_path/../../Frameworks",
				);
				MARKETING_VERSION = 1.3.7;
				PRODUCT_BUNDLE_IDENTIFIER = "com.wagner-hausverwaltung.portal.calldirectory";
				PRODUCT_NAME = "$(TARGET_NAME)";
				SDKROOT = iphoneos;
				SKIP_INSTALL = YES;
				SWIFT_VERSION = 5.0;
				TARGETED_DEVICE_FAMILY = "1,2";
			};
			name = Debug;
		};
		EC1DAF64A86A43F4DD949147 /* Debug */ = {
			isa = XCBuildConfiguration;
			buildSettings = {
				CLANG_ENABLE_OBJC_WEAK = NO;
				CODE_SIGN_ENTITLEMENTS = WHVWidgets/WHVWidgets.entitlements;
				CODE_SIGN_STYLE = Automatic;
				CURRENT_PROJECT_VERSION = 69;
				DEVELOPMENT_TEAM = K4KDX9GN74;
				GENERATE_INFOPLIST_FILE = NO;
				INFOPLIST_FILE = WHVWidgets/Info.plist;
				INFOPLIST_KEY_CFBundleDisplayName = "WHV ETV-Widget";
				IPHONEOS_DEPLOYMENT_TARGET = 17.0;
				LD_RUNPATH_SEARCH_PATHS = (
					"$(inherited)",
					"@executable_path/Frameworks",
					"@executable_path/../../Frameworks",
				);
				MARKETING_VERSION = 1.3.7;
				PRODUCT_BUNDLE_IDENTIFIER = "com.wagner-hausverwaltung.portal.WHVWidgets";
				PRODUCT_NAME = "$(TARGET_NAME)";
				SDKROOT = iphoneos;
				SKIP_INSTALL = YES;
				SWIFT_EMIT_LOC_STRINGS = YES;
				SWIFT_VERSION = 5.0;
				TARGETED_DEVICE_FAMILY = "1,2";
			};
			name = Debug;
		};
/* End XCBuildConfiguration section */

/* Begin XCConfigurationList section */
		2A0000010000000000000080 /* Build configuration list for PBXNativeTarget "WHV" */ = {
			isa = XCConfigurationList;
			buildConfigurations = (
				2A00000100000000000000D0 /* Debug */,
				2A00000100000000000000E0 /* Release */,
			);
			defaultConfigurationIsVisible = 0;
			defaultConfigurationName = Release;
		};
		2A00000100000000000000A0 /* Build configuration list for PBXProject "WHV" */ = {
			isa = XCConfigurationList;
			buildConfigurations = (
				2A00000100000000000000B0 /* Debug */,
				2A00000100000000000000C0 /* Release */,
			);
			defaultConfigurationIsVisible = 0;
			defaultConfigurationName = Release;
		};
		49D6FDC26E57E8CDC0EECDDB /* Build configuration list for PBXNativeTarget "WHVCallDirectory" */ = {
			isa = XCConfigurationList;
			buildConfigurations = (
				64426FB8832885188E10E296 /* Release */,
				E381BC8B647AF41680B94731 /* Debug */,
			);
			defaultConfigurationIsVisible = 0;
			defaultConfigurationName = Release;
		};
		5EEFB1D74D0F406295C9C642 /* Build configuration list for PBXNativeTarget "WHVWidgets" */ = {
			isa = XCConfigurationList;
			buildConfigurations = (
				07B7B7BA5704A85E04969830 /* Release */,
				EC1DAF64A86A43F4DD949147 /* Debug */,
			);
			defaultConfigurationIsVisible = 0;
			defaultConfigurationName = Release;
		};
		6AD3110F076B50B1A3D153B3 /* Build configuration list for PBXNativeTarget "WHVWatch" */ = {
			isa = XCConfigurationList;
			buildConfigurations = (
				386ECB7FD276546E3A398627 /* Release */,
				20030B4E4C226BA5D1DD24FD /* Debug */,
			);
			defaultConfigurationIsVisible = 0;
			defaultConfigurationName = Release;
		};
/* End XCConfigurationList section */
	};
	rootObject = 2A0000010000000000000090 /* Project object */;
}
