// !$*UTF8*$!
{
	archiveVersion = 1;
	classes = {
	};
	objectVersion = 71;
	objects = {

/* Begin PBXBuildFile section */
		051615395EE37DE4F10647E3 /* ETVActivity.swift in Sources */ = {isa = PBXBuildFile; fileRef = FB4F94A90E9B2CC798CD19E5 /* ETVActivity.swift */; };
		13E556E1CAD031D6C62BDD8E /* Foundation.framework in Frameworks */ = {isa = PBXBuildFile; fileRef = 67F718301EE433F26BB4AB54 /* Foundation.framework */; };
		5BF3F01D04119F710AB4A2F7 /* Localizable.xcstrings in Resources */ = {isa = PBXBuildFile; fileRef = C936277BD55B26BDC8DA9729 /* Localizable.xcstrings */; };
		701565BFF08B0837EC3826CE /* ETVLiveActivity.swift in Sources */ = {isa = PBXBuildFile; fileRef = E468142B2293B74BF5E6A86A /* ETVLiveActivity.swift */; };
		7048AD8FFC3D9424C37B2260 /* ETVActivity.swift in Sources */ = {isa = PBXBuildFile; fileRef = FB4F94A90E9B2CC798CD19E5 /* ETVActivity.swift */; };
		9ED26CC9D0D015BE24E43BAC /* UpcomingEtvWidget.swift in Sources */ = {isa = PBXBuildFile; fileRef = E62432967222365B0DE5D407 /* UpcomingEtvWidget.swift */; };
		AB272D1906F68DF105F342C8 /* RunningLateIntent.swift in Sources */ = {isa = PBXBuildFile; fileRef = CDB39A43568E05D893E91175 /* RunningLateIntent.swift */; };
		C3AC380F5961E530B2B377B0 /* WHVWidgetBundle.swift in Sources */ = {isa = PBXBuildFile; fileRef = D75FB159679E5834C8A21905 /* WHVWidgetBundle.swift */; };
		EEC694A253F3FB21776A00A8 /* WHVWidgets.appex in Embed App Extensions */ = {isa = PBXBuildFile; fileRef = A65487940CEC1FDBE5D89431 /* WHVWidgets.appex */; settings = {ATTRIBUTES = (RemoveHeadersOnCopy, ); }; };
/* End PBXBuildFile section */

/* Begin PBXContainerItemProxy section */
		23266C20FF22051A3B3B72D7 /* PBXContainerItemProxy */ = {
			isa = PBXContainerItemProxy;
			containerPortal = 2A0000010000000000000090 /* Project object */;
			proxyType = 1;
			remoteGlobalIDString = 72F45ED374BF436525F9FFF4;
			remoteInfo = WHVWidgets;
		};
/* End PBXContainerItemProxy section */

/* Begin PBXCopyFilesBuildPhase section */
		87A26F8629B72652D76D6F08 /* Embed App Extensions */ = {
			isa = PBXCopyFilesBuildPhase;
			buildActionMask = 2147483647;
			dstPath = "";
			dstSubfolderSpec = 13;
			files = (
				EEC694A253F3FB21776A00A8 /* WHVWidgets.appex in Embed App Extensions */,
			);
			name = "Embed App Extensions";
			runOnlyForDeploymentPostprocessing = 0;
		};
/* End PBXCopyFilesBuildPhase section */

/* Begin PBXFileReference section */
		1EA64FA4821C489C506029BB /* Info.plist */ = {isa = PBXFileReference; includeInIndex = 1; lastKnownFileType = text.plist.xml; path = Info.plist; sourceTree = "<group>"; };
		67F718301EE433F26BB4AB54 /* Foundation.framework */ = {isa = PBXFileReference; lastKnownFileType = wrapper.framework; name = Foundation.framework; path = Platforms/iPhoneOS.platform/Developer/SDKs/iPhoneOS18.0.sdk/System/Library/Frameworks/Foundation.framework; sourceTree = DEVELOPER_DIR; };
		A65487940CEC1FDBE5D89431 /* WHVWidgets.appex */ = {isa = PBXFileReference; explicitFileType = "wrapper.app-extension"; includeInIndex = 0; path = WHVWidgets.appex; sourceTree = BUILT_PRODUCTS_DIR; };
		C5E0C16C1334B51DB2CD8F6E /* WHVWidgets.entitlements */ = {isa = PBXFileReference; includeInIndex = 1; lastKnownFileType = text.plist.entitlements; path = WHVWidgets.entitlements; sourceTree = "<group>"; };
		C936277BD55B26BDC8DA9729 /* Localizable.xcstrings */ = {isa = PBXFileReference; includeInIndex = 1; lastKnownFileType = text.json.xcstrings; name = Localizable.xcstrings; path = WHV/Localizable.xcstrings; sourceTree = "<group>"; };
		CDB39A43568E05D893E91175 /* RunningLateIntent.swift */ = {isa = PBXFileReference; includeInIndex = 1; lastKnownFileType = sourcecode.swift; path = RunningLateIntent.swift; sourceTree = "<group>"; };
		D75FB159679E5834C8A21905 /* WHVWidgetBundle.swift */ = {isa = PBXFileReference; includeInIndex = 1; lastKnownFileType = sourcecode.swift; path = WHVWidgetBundle.swift; sourceTree = "<group>"; };
		E468142B2293B74BF5E6A86A /* ETVLiveActivity.swift */ = {isa = PBXFileReference; includeInIndex = 1; lastKnownFileType = sourcecode.swift; path = ETVLiveActivity.swift; sourceTree = "<group>"; };
		E62432967222365B0DE5D407 /* UpcomingEtvWidget.swift */ = {isa = PBXFileReference; includeInIndex = 1; lastKnownFileType = sourcecode.swift; path = UpcomingEtvWidget.swift; sourceTree = "<group>"; };
		FB4F94A90E9B2CC798CD19E5 /* ETVActivity.swift */ = {isa = PBXFileReference; includeInIndex = 1; lastKnownFileType = sourcecode.swift; path = ETVActivity.swift; sourceTree = "<group>"; };
/* End PBXFileReference section */

/* Begin PBXFileSystemSynchronizedRootGroup section */
		2A0000010000000000000010 /* WHV */ = {
			isa = PBXFileSystemSynchronizedRootGroup;
			exceptions = (
			);
			explicitFileTypes = {
			};
			explicitFolders = (
			);
			path = WHV;
			sourceTree = "<group>";
		};
/* End PBXFileSystemSynchronizedRootGroup section */

/* Begin PBXFrameworksBuildPhase section */
		2A0000010000000000000020 /* Frameworks */ = {
			isa = PBXFrameworksBuildPhase;
			buildActionMask = 2147483647;
			files = (
			);
			runOnlyForDeploymentPostprocessing = 0;
		};
		42BDE42370B583791BE45363 /* Frameworks */ = {
			isa = PBXFrameworksBuildPhase;
			buildActionMask = 2147483647;
			files = (
				13E556E1CAD031D6C62BDD8E /* Foundation.framework in Frameworks */,
			);
			runOnlyForDeploymentPostprocessing = 0;
		};
/* End PBXFrameworksBuildPhase section */

/* Begin PBXGroup section */
		0E255BF922D567A8EAB28C5C /* Frameworks */ = {
			isa = PBXGroup;
			children = (
				E2FF9A41D0C9EFBF2223C713 /* iOS */,
			);
			name = Frameworks;
			sourceTree = "<group>";
		};
		2A0000010000000000000000 = {
			isa = PBXGroup;
			children = (
				2A0000010000000000000010 /* WHV */,
				2A0000010000000000000030 /* Products */,
				C19384519A4F8842436FA03A /* WHVWidgets */,
				0E255BF922D567A8EAB28C5C /* Frameworks */,
				BAC5E43D50A5C289859D632C /* Shared */,
				7FFA0314F67630CFFA312BB1 /* WHV-Localization */,
			);
			sourceTree = "<group>";
		};
		2A0000010000000000000030 /* Products */ = {
			isa = PBXGroup;
			children = (
				A65487940CEC1FDBE5D89431 /* WHVWidgets.appex */,
			);
			name = Products;
			sourceTree = "<group>";
		};
		7FFA0314F67630CFFA312BB1 /* WHV-Localization */ = {
			isa = PBXGroup;
			children = (
				C936277BD55B26BDC8DA9729 /* Localizable.xcstrings */,
			);
			name = "WHV-Localization";
			sourceTree = "<group>";
		};
		BAC5E43D50A5C289859D632C /* Shared */ = {
			isa = PBXGroup;
			children = (
				FB4F94A90E9B2CC798CD19E5 /* ETVActivity.swift */,
			);
			path = Shared;
			sourceTree = "<group>";
		};
		C19384519A4F8842436FA03A /* WHVWidgets */ = {
			isa = PBXGroup;
			children = (
				E62432967222365B0DE5D407 /* UpcomingEtvWidget.swift */,
				D75FB159679E5834C8A21905 /* WHVWidgetBundle.swift */,
				1EA64FA4821C489C506029BB /* Info.plist */,
				C5E0C16C1334B51DB2CD8F6E /* WHVWidgets.entitlements */,
				E468142B2293B74BF5E6A86A /* ETVLiveActivity.swift */,
				CDB39A43568E05D893E91175 /* RunningLateIntent.swift */,
			);
			path = WHVWidgets;
			sourceTree = "<group>";
		};
		E2FF9A41D0C9EFBF2223C713 /* iOS */ = {
			isa = PBXGroup;
			children = (
				67F718301EE433F26BB4AB54 /* Foundation.framework */,
			);
			name = iOS;
			sourceTree = "<group>";
		};
/* End PBXGroup section */

/* Begin PBXNativeTarget section */
		2A0000010000000000000050 /* WHV */ = {
			isa = PBXNativeTarget;
			buildConfigurationList = 2A0000010000000000000080 /* Build configuration list for PBXNativeTarget "WHV" */;
			buildPhases = (
				2A0000010000000000000060 /* Sources */,
				2A0000010000000000000020 /* Frameworks */,
				2A0000010000000000000070 /* Resources */,
				87A26F8629B72652D76D6F08 /* Embed App Extensions */,
			);
			buildRules = (
			);
			dependencies = (
				DB65F19F79F73C9F708AE531 /* PBXTargetDependency */,
			);
			fileSystemSynchronizedGroups = (
				2A0000010000000000000010 /* WHV */,
			);
			name = WHV;
			productName = WHV;
			productType = "com.apple.product-type.application";
		};
		72F45ED374BF436525F9FFF4 /* WHVWidgets */ = {
			isa = PBXNativeTarget;
			buildConfigurationList = 5EEFB1D74D0F406295C9C642 /* Build configuration list for PBXNativeTarget "WHVWidgets" */;
			buildPhases = (
				EB6CB990BACC886F5688C759 /* Sources */,
				42BDE42370B583791BE45363 /* Frameworks */,
				59BDE40749BDB28BFDD50524 /* Resources */,
			);
			buildRules = (
			);
			dependencies = (
			);
			name = WHVWidgets;
			productName = WHVWidgets;
			productReference = A65487940CEC1FDBE5D89431 /* WHVWidgets.appex */;
			productType = "com.apple.product-type.app-extension";
		};
/* End PBXNativeTarget section */

/* Begin PBXProject section */
		2A0000010000000000000090 /* Project object */ = {
			isa = PBXProject;
			attributes = {
				BuildIndependentTargetsInParallel = 1;
				LastSwiftUpdateCheck = 1600;
				LastUpgradeCheck = 1600;
				TargetAttributes = {
					2A0000010000000000000050 = {
						CreatedOnToolsVersion = 16.0;
					};
				};
			};
			buildConfigurationList = 2A00000100000000000000A0 /* Build configuration list for PBXProject "WHV" */;
			compatibilityVersion = "Xcode 16.0";
			developmentRegion = de;
			hasScannedForEncodings = 0;
			knownRegions = (
				en,
				Base,
				de,
			);
			mainGroup = 2A0000010000000000000000;
			minimizedProjectReferenceProxies = 1;
			productRefGroup = 2A0000010000000000000030 /* Products */;
			projectDirPath = "";
			projectRoot = "";
			targets = (
				2A0000010000000000000050 /* WHV */,
				72F45ED374BF436525F9FFF4 /* WHVWidgets */,
			);
		};
/* End PBXProject section */

/* Begin PBXResourcesBuildPhase section */
		2A0000010000000000000070 /* Resources */ = {
			isa = PBXResourcesBuildPhase;
			buildActionMask = 2147483647;
			files = (
			);
			runOnlyForDeploymentPostprocessing = 0;
		};
		59BDE40749BDB28BFDD50524 /* Resources */ = {
			isa = PBXResourcesBuildPhase;
			buildActionMask = 2147483647;
			files = (
				5BF3F01D04119F710AB4A2F7 /* Localizable.xcstrings in Resources */,
			);
			runOnlyForDeploymentPostprocessing = 0;
		};
/* End PBXResourcesBuildPhase section */

/* Begin PBXSourcesBuildPhase section */
		2A0000010000000000000060 /* Sources */ = {
			isa = PBXSourcesBuildPhase;
			buildActionMask = 2147483647;
			files = (
				7048AD8FFC3D9424C37B2260 /* ETVActivity.swift in Sources */,
			);
			runOnlyForDeploymentPostprocessing = 0;
		};
		EB6CB990BACC886F5688C759 /* Sources */ = {
			isa = PBXSourcesBuildPhase;
			buildActionMask = 2147483647;
			files = (
				9ED26CC9D0D015BE24E43BAC /* UpcomingEtvWidget.swift in Sources */,
				C3AC380F5961E530B2B377B0 /* WHVWidgetBundle.swift in Sources */,
				051615395EE37DE4F10647E3 /* ETVActivity.swift in Sources */,
				701565BFF08B0837EC3826CE /* ETVLiveActivity.swift in Sources */,
				AB272D1906F68DF105F342C8 /* RunningLateIntent.swift in Sources */,
			);
			runOnlyForDeploymentPostprocessing = 0;
		};
/* End PBXSourcesBuildPhase section */

/* Begin PBXTargetDependency section */
		DB65F19F79F73C9F708AE531 /* PBXTargetDependency */ = {
			isa = PBXTargetDependency;
			name = WHVWidgets;
			target = 72F45ED374BF436525F9FFF4 /* WHVWidgets */;
			targetProxy = 23266C20FF22051A3B3B72D7 /* PBXContainerItemProxy */;
		};
/* End PBXTargetDependency section */

/* Begin XCBuildConfiguration section */
		07B7B7BA5704A85E04969830 /* Release */ = {
			isa = XCBuildConfiguration;
			buildSettings = {
				CLANG_ENABLE_OBJC_WEAK = NO;
				CODE_SIGN_ENTITLEMENTS = WHVWidgets/WHVWidgets.entitlements;
				CODE_SIGN_STYLE = Automatic;
				CURRENT_PROJECT_VERSION = 11;
				DEVELOPMENT_TEAM = K4KDX9GN74;
				GENERATE_INFOPLIST_FILE = NO;
				INFOPLIST_FILE = WHVWidgets/Info.plist;
				INFOPLIST_KEY_CFBundleDisplayName = "WHV ETV-Widget";
				IPHONEOS_DEPLOYMENT_TARGET = 17.0;
				LD_RUNPATH_SEARCH_PATHS = (
					"$(inherited)",
					"@executable_path/Frameworks",
					"@executable_path/../../Frameworks",
				);
				MARKETING_VERSION = 1.1.2;
				PRODUCT_BUNDLE_IDENTIFIER = "com.wagner-hausverwaltung.portal.WHVWidgets";
				PRODUCT_NAME = "$(TARGET_NAME)";
				SDKROOT = iphoneos;
				SKIP_INSTALL = YES;
				SWIFT_EMIT_LOC_STRINGS = YES;
				SWIFT_VERSION = 5.0;
				TARGETED_DEVICE_FAMILY = "1,2";
				VALIDATE_PRODUCT = YES;
			};
			name = Release;
		};
		2A00000100000000000000B0 /* Debug */ = {
			isa = XCBuildConfiguration;
			buildSettings = {
				ALWAYS_SEARCH_USER_PATHS = NO;
				ASSETCATALOG_COMPILER_GENERATE_SWIFT_ASSET_SYMBOL_EXTENSIONS = YES;
				CLANG_ANALYZER_NONNULL = YES;
				CLANG_ANALYZER_NUMBER_OBJECT_CONVERSION = YES_AGGRESSIVE;
				CLANG_CXX_LANGUAGE_STANDARD = "gnu++20";
				CLANG_ENABLE_MODULES = YES;
				CLANG_ENABLE_OBJC_ARC = YES;
				CLANG_ENABLE_OBJC_WEAK = YES;
				CLANG_WARN_BLOCK_CAPTURE_AUTORELEASING = YES;
				CLANG_WARN_BOOL_CONVERSION = YES;
				CLANG_WARN_COMMA = YES;
				CLANG_WARN_CONSTANT_CONVERSION = YES;
				CLANG_WARN_DEPRECATED_OBJC_IMPLEMENTATIONS = YES;
				CLANG_WARN_DIRECT_OBJC_ISA_USAGE = YES_ERROR;
				CLANG_WARN_DOCUMENTATION_COMMENTS = YES;
				CLANG_WARN_EMPTY_BODY = YES;
				CLANG_WARN_ENUM_CONVERSION = YES;
				CLANG_WARN_INFINITE_RECURSION = YES;
				CLANG_WARN_INT_CONVERSION = YES;
				CLANG_WARN_NON_LITERAL_NULL_CONVERSION = YES;
				CLANG_WARN_OBJC_IMPLICIT_RETAIN_SELF = YES;
				CLANG_WARN_OBJC_LITERAL_CONVERSION = YES;
				CLANG_WARN_OBJC_ROOT_CLASS = YES_ERROR;
				CLANG_WARN_QUOTED_INCLUDE_IN_FRAMEWORK_HEADER = YES;
				CLANG_WARN_RANGE_LOOP_ANALYSIS = YES;
				CLANG_WARN_STRICT_PROTOTYPES = YES;
				CLANG_WARN_SUSPICIOUS_MOVE = YES;
				CLANG_WARN_UNGUARDED_AVAILABILITY = YES_AGGRESSIVE;
				CLANG_WARN_UNREACHABLE_CODE = YES;
				CLANG_WARN__DUPLICATE_METHOD_MATCH = YES;
				COPY_PHASE_STRIP = NO;
				DEBUG_INFORMATION_FORMAT = dwarf;
				ENABLE_STRICT_OBJC_MSGSEND = YES;
				ENABLE_TESTABILITY = YES;
				ENABLE_USER_SCRIPT_SANDBOXING = YES;
				GCC_C_LANGUAGE_STANDARD = gnu17;
				GCC_DYNAMIC_NO_PIC = NO;
				GCC_NO_COMMON_BLOCKS = YES;
				GCC_OPTIMIZATION_LEVEL = 0;
				GCC_PREPROCESSOR_DEFINITIONS = (
					"DEBUG=1",
					"$(inherited)",
				);
				GCC_WARN_64_TO_32_BIT_CONVERSION = YES;
				GCC_WARN_ABOUT_RETURN_TYPE = YES_ERROR;
				GCC_WARN_UNDECLARED_SELECTOR = YES;
				GCC_WARN_UNINITIALIZED_AUTOS = YES_AGGRESSIVE;
				GCC_WARN_UNUSED_FUNCTION = YES;
				GCC_WARN_UNUSED_VARIABLE = YES;
				IPHONEOS_DEPLOYMENT_TARGET = 17.0;
				LOCALIZATION_PREFERS_STRING_CATALOGS = YES;
				MTL_ENABLE_DEBUG_INFO = INCLUDE_SOURCE;
				MTL_FAST_MATH = YES;
				ONLY_ACTIVE_ARCH = YES;
				SDKROOT = iphoneos;
				SWIFT_ACTIVE_COMPILATION_CONDITIONS = "DEBUG $(inherited)";
				SWIFT_OPTIMIZATION_LEVEL = "-Onone";
			};
			name = Debug;
		};
		2A00000100000000000000C0 /* Release */ = {
			isa = XCBuildConfiguration;
			buildSettings = {
				ALWAYS_SEARCH_USER_PATHS = NO;
				ASSETCATALOG_COMPILER_GENERATE_SWIFT_ASSET_SYMBOL_EXTENSIONS = YES;
				CLANG_ANALYZER_NONNULL = YES;
				CLANG_ANALYZER_NUMBER_OBJECT_CONVERSION = YES_AGGRESSIVE;
				CLANG_CXX_LANGUAGE_STANDARD = "gnu++20";
				CLANG_ENABLE_MODULES = YES;
				CLANG_ENABLE_OBJC_ARC = YES;
				CLANG_ENABLE_OBJC_WEAK = YES;
				CLANG_WARN_BLOCK_CAPTURE_AUTORELEASING = YES;
				CLANG_WARN_BOOL_CONVERSION = YES;
				CLANG_WARN_COMMA = YES;
				CLANG_WARN_CONSTANT_CONVERSION = YES;
				CLANG_WARN_DEPRECATED_OBJC_IMPLEMENTATIONS = YES;
				CLANG_WARN_DIRECT_OBJC_ISA_USAGE = YES_ERROR;
				CLANG_WARN_DOCUMENTATION_COMMENTS = YES;
				CLANG_WARN_EMPTY_BODY = YES;
				CLANG_WARN_ENUM_CONVERSION = YES;
				CLANG_WARN_INFINITE_RECURSION = YES;
				CLANG_WARN_INT_CONVERSION = YES;
				CLANG_WARN_NON_LITERAL_NULL_CONVERSION = YES;
				CLANG_WARN_OBJC_IMPLICIT_RETAIN_SELF = YES;
				CLANG_WARN_OBJC_LITERAL_CONVERSION = YES;
				CLANG_WARN_OBJC_ROOT_CLASS = YES_ERROR;
				CLANG_WARN_QUOTED_INCLUDE_IN_FRAMEWORK_HEADER = YES;
				CLANG_WARN_RANGE_LOOP_ANALYSIS = YES;
				CLANG_WARN_STRICT_PROTOTYPES = YES;
				CLANG_WARN_SUSPICIOUS_MOVE = YES;
				CLANG_WARN_UNGUARDED_AVAILABILITY = YES_AGGRESSIVE;
				CLANG_WARN_UNREACHABLE_CODE = YES;
				CLANG_WARN__DUPLICATE_METHOD_MATCH = YES;
				COPY_PHASE_STRIP = NO;
				DEBUG_INFORMATION_FORMAT = "dwarf-with-dsym";
				ENABLE_NS_ASSERTIONS = NO;
				ENABLE_STRICT_OBJC_MSGSEND = YES;
				ENABLE_USER_SCRIPT_SANDBOXING = YES;
				GCC_C_LANGUAGE_STANDARD = gnu17;
				GCC_NO_COMMON_BLOCKS = YES;
				GCC_WARN_64_TO_32_BIT_CONVERSION = YES;
				GCC_WARN_ABOUT_RETURN_TYPE = YES_ERROR;
				GCC_WARN_UNDECLARED_SELECTOR = YES;
				GCC_WARN_UNINITIALIZED_AUTOS = YES_AGGRESSIVE;
				GCC_WARN_UNUSED_FUNCTION = YES;
				GCC_WARN_UNUSED_VARIABLE = YES;
				IPHONEOS_DEPLOYMENT_TARGET = 17.0;
				LOCALIZATION_PREFERS_STRING_CATALOGS = YES;
				MTL_ENABLE_DEBUG_INFO = NO;
				MTL_FAST_MATH = YES;
				SDKROOT = iphoneos;
				SWIFT_COMPILATION_MODE = wholemodule;
			};
			name = Release;
		};
		2A00000100000000000000D0 /* Debug */ = {
			isa = XCBuildConfiguration;
			buildSettings = {
				ASSETCATALOG_COMPILER_APPICON_NAME = AppIcon;
				ASSETCATALOG_COMPILER_GLOBAL_ACCENT_COLOR_NAME = AccentColor;
				CODE_SIGN_ENTITLEMENTS = WHV/WHV.entitlements;
				CODE_SIGN_STYLE = Automatic;
				CURRENT_PROJECT_VERSION = 11;
				DEVELOPMENT_ASSET_PATHS = "\"WHV/Preview Content\"";
				DEVELOPMENT_TEAM = K4KDX9GN74;
				ENABLE_PREVIEWS = YES;
				GENERATE_INFOPLIST_FILE = NO;
				INFOPLIST_FILE = "WHV-Info.plist";
				LD_RUNPATH_SEARCH_PATHS = (
					"$(inherited)",
					"@executable_path/Frameworks",
				);
				MARKETING_VERSION = 1.1.2;
				PRODUCT_BUNDLE_IDENTIFIER = "com.wagner-hausverwaltung.portal";
				PRODUCT_NAME = "$(TARGET_NAME)";
				SUPPORTS_MACCATALYST = NO;
				SUPPORTS_MAC_DESIGNED_FOR_IPHONE_IPAD = YES;
				SWIFT_EMIT_LOC_STRINGS = YES;
				SWIFT_VERSION = 5.0;
				TARGETED_DEVICE_FAMILY = "1,2";
			};
			name = Debug;
		};
		2A00000100000000000000E0 /* Release */ = {
			isa = XCBuildConfiguration;
			buildSettings = {
				ASSETCATALOG_COMPILER_APPICON_NAME = AppIcon;
				ASSETCATALOG_COMPILER_GLOBAL_ACCENT_COLOR_NAME = AccentColor;
				CODE_SIGN_ENTITLEMENTS = WHV/WHV.entitlements;
				CODE_SIGN_STYLE = Automatic;
				CURRENT_PROJECT_VERSION = 11;
				DEVELOPMENT_ASSET_PATHS = "\"WHV/Preview Content\"";
				DEVELOPMENT_TEAM = K4KDX9GN74;
				ENABLE_PREVIEWS = YES;
				GENERATE_INFOPLIST_FILE = NO;
				INFOPLIST_FILE = "WHV-Info.plist";
				LD_RUNPATH_SEARCH_PATHS = (
					"$(inherited)",
					"@executable_path/Frameworks",
				);
				MARKETING_VERSION = 1.1.2;
				PRODUCT_BUNDLE_IDENTIFIER = "com.wagner-hausverwaltung.portal";
				PRODUCT_NAME = "$(TARGET_NAME)";
				SUPPORTS_MACCATALYST = NO;
				SUPPORTS_MAC_DESIGNED_FOR_IPHONE_IPAD = YES;
				SWIFT_EMIT_LOC_STRINGS = YES;
				SWIFT_VERSION = 5.0;
				TARGETED_DEVICE_FAMILY = "1,2";
			};
			name = Release;
		};
		EC1DAF64A86A43F4DD949147 /* Debug */ = {
			isa = XCBuildConfiguration;
			buildSettings = {
				CLANG_ENABLE_OBJC_WEAK = NO;
				CODE_SIGN_ENTITLEMENTS = WHVWidgets/WHVWidgets.entitlements;
				CODE_SIGN_STYLE = Automatic;
				CURRENT_PROJECT_VERSION = 11;
				DEVELOPMENT_TEAM = K4KDX9GN74;
				GENERATE_INFOPLIST_FILE = NO;
				INFOPLIST_FILE = WHVWidgets/Info.plist;
				INFOPLIST_KEY_CFBundleDisplayName = "WHV ETV-Widget";
				IPHONEOS_DEPLOYMENT_TARGET = 17.0;
				LD_RUNPATH_SEARCH_PATHS = (
					"$(inherited)",
					"@executable_path/Frameworks",
					"@executable_path/../../Frameworks",
				);
				MARKETING_VERSION = 1.1.2;
				PRODUCT_BUNDLE_IDENTIFIER = "com.wagner-hausverwaltung.portal.WHVWidgets";
				PRODUCT_NAME = "$(TARGET_NAME)";
				SDKROOT = iphoneos;
				SKIP_INSTALL = YES;
				SWIFT_EMIT_LOC_STRINGS = YES;
				SWIFT_VERSION = 5.0;
				TARGETED_DEVICE_FAMILY = "1,2";
			};
			name = Debug;
		};
/* End XCBuildConfiguration section */

/* Begin XCConfigurationList section */
		2A0000010000000000000080 /* Build configuration list for PBXNativeTarget "WHV" */ = {
			isa = XCConfigurationList;
			buildConfigurations = (
				2A00000100000000000000D0 /* Debug */,
				2A00000100000000000000E0 /* Release */,
			);
			defaultConfigurationIsVisible = 0;
			defaultConfigurationName = Release;
		};
		2A00000100000000000000A0 /* Build configuration list for PBXProject "WHV" */ = {
			isa = XCConfigurationList;
			buildConfigurations = (
				2A00000100000000000000B0 /* Debug */,
				2A00000100000000000000C0 /* Release */,
			);
			defaultConfigurationIsVisible = 0;
			defaultConfigurationName = Release;
		};
		5EEFB1D74D0F406295C9C642 /* Build configuration list for PBXNativeTarget "WHVWidgets" */ = {
			isa = XCConfigurationList;
			buildConfigurations = (
				07B7B7BA5704A85E04969830 /* Release */,
				EC1DAF64A86A43F4DD949147 /* Debug */,
			);
			defaultConfigurationIsVisible = 0;
			defaultConfigurationName = Release;
		};
/* End XCConfigurationList section */
	};
	rootObject = 2A0000010000000000000090 /* Project object */;
}
